// !$*UTF8*$!
{
	archiveVersion = 1;
	classes = {
	};
	objectVersion = 56;
	objects = {

/* Begin PBXBuildFile section */
		7F4F1DB72B0079AC00114759 /* FirebaseAnalytics in Frameworks */ = {isa = PBXBuildFile; productRef = 7F4F1DB62B0079AC00114759 /* FirebaseAnalytics */; };
		7F4F1DB92B0079AC00114759 /* FirebaseAnalyticsOnDeviceConversion in Frameworks */ = {isa = PBXBuildFile; productRef = 7F4F1DB82B0079AC00114759 /* FirebaseAnalyticsOnDeviceConversion */; };
		7F4F1DBB2B0079AC00114759 /* FirebaseAnalyticsSwift in Frameworks */ = {isa = PBXBuildFile; productRef = 7F4F1DBA2B0079AC00114759 /* FirebaseAnalyticsSwift */; };
		7F4F1DBD2B0079AC00114759 /* FirebaseAnalyticsWithoutAdIdSupport in Frameworks */ = {isa = PBXBuildFile; productRef = 7F4F1DBC2B0079AC00114759 /* FirebaseAnalyticsWithoutAdIdSupport */; };
		7F4F1DBF2B0079AC00114759 /* FirebaseAppCheck in Frameworks */ = {isa = PBXBuildFile; productRef = 7F4F1DBE2B0079AC00114759 /* FirebaseAppCheck */; };
		7F4F1DC12B0079AC00114759 /* FirebaseAppDistribution-Beta in Frameworks */ = {isa = PBXBuildFile; productRef = 7F4F1DC02B0079AC00114759 /* FirebaseAppDistribution-Beta */; };
		7F4F1DC32B0079AC00114759 /* FirebaseAuth in Frameworks */ = {isa = PBXBuildFile; productRef = 7F4F1DC22B0079AC00114759 /* FirebaseAuth */; };
		7F4F1DC52B0079AC00114759 /* FirebaseAuthCombine-Community in Frameworks */ = {isa = PBXBuildFile; productRef = 7F4F1DC42B0079AC00114759 /* FirebaseAuthCombine-Community */; };
		7F4F1DC72B0079AC00114759 /* FirebaseCrashlytics in Frameworks */ = {isa = PBXBuildFile; productRef = 7F4F1DC62B0079AC00114759 /* FirebaseCrashlytics */; };
		7F4F1DC92B0079AC00114759 /* FirebaseDatabase in Frameworks */ = {isa = PBXBuildFile; productRef = 7F4F1DC82B0079AC00114759 /* FirebaseDatabase */; };
		7F4F1DCB2B0079AC00114759 /* FirebaseDatabaseSwift in Frameworks */ = {isa = PBXBuildFile; productRef = 7F4F1DCA2B0079AC00114759 /* FirebaseDatabaseSwift */; };
		7F4F1DCD2B0079AC00114759 /* FirebaseDynamicLinks in Frameworks */ = {isa = PBXBuildFile; productRef = 7F4F1DCC2B0079AC00114759 /* FirebaseDynamicLinks */; };
		7F4F1DCF2B0079AC00114759 /* FirebaseFirestore in Frameworks */ = {isa = PBXBuildFile; productRef = 7F4F1DCE2B0079AC00114759 /* FirebaseFirestore */; };
		7F4F1DD12B0079AC00114759 /* FirebaseFirestoreCombine-Community in Frameworks */ = {isa = PBXBuildFile; productRef = 7F4F1DD02B0079AC00114759 /* FirebaseFirestoreCombine-Community */; };
		7F4F1DD32B0079AC00114759 /* FirebaseFirestoreSwift in Frameworks */ = {isa = PBXBuildFile; productRef = 7F4F1DD22B0079AC00114759 /* FirebaseFirestoreSwift */; };
		7F4F1DD52B0079AC00114759 /* FirebaseFunctions in Frameworks */ = {isa = PBXBuildFile; productRef = 7F4F1DD42B0079AC00114759 /* FirebaseFunctions */; };
		7F4F1DD72B0079AC00114759 /* FirebaseFunctionsCombine-Community in Frameworks */ = {isa = PBXBuildFile; productRef = 7F4F1DD62B0079AC00114759 /* FirebaseFunctionsCombine-Community */; };
		7F4F1DD92B0079AC00114759 /* FirebaseInAppMessaging-Beta in Frameworks */ = {isa = PBXBuildFile; productRef = 7F4F1DD82B0079AC00114759 /* FirebaseInAppMessaging-Beta */; };
		7F4F1DDB2B0079AC00114759 /* FirebaseInAppMessagingSwift-Beta in Frameworks */ = {isa = PBXBuildFile; productRef = 7F4F1DDA2B0079AC00114759 /* FirebaseInAppMessagingSwift-Beta */; };
		7F4F1DDD2B0079AC00114759 /* FirebaseInstallations in Frameworks */ = {isa = PBXBuildFile; productRef = 7F4F1DDC2B0079AC00114759 /* FirebaseInstallations */; };
		7F4F1DDF2B0079AC00114759 /* FirebaseMessaging in Frameworks */ = {isa = PBXBuildFile; productRef = 7F4F1DDE2B0079AC00114759 /* FirebaseMessaging */; };
		7F4F1DE12B0079AC00114759 /* FirebaseMLModelDownloader in Frameworks */ = {isa = PBXBuildFile; productRef = 7F4F1DE02B0079AC00114759 /* FirebaseMLModelDownloader */; };
		7F4F1DE32B0079AC00114759 /* FirebasePerformance in Frameworks */ = {isa = PBXBuildFile; productRef = 7F4F1DE22B0079AC00114759 /* FirebasePerformance */; };
		7F4F1DE52B0079AC00114759 /* FirebaseRemoteConfig in Frameworks */ = {isa = PBXBuildFile; productRef = 7F4F1DE42B0079AC00114759 /* FirebaseRemoteConfig */; };
		7F4F1DE72B0079AC00114759 /* FirebaseRemoteConfigSwift in Frameworks */ = {isa = PBXBuildFile; productRef = 7F4F1DE62B0079AC00114759 /* FirebaseRemoteConfigSwift */; };
		7F4F1DE92B0079AC00114759 /* FirebaseStorage in Frameworks */ = {isa = PBXBuildFile; productRef = 7F4F1DE82B0079AC00114759 /* FirebaseStorage */; };
		7F4F1DEB2B0079AC00114759 /* FirebaseStorageCombine-Community in Frameworks */ = {isa = PBXBuildFile; productRef = 7F4F1DEA2B0079AC00114759 /* FirebaseStorageCombine-Community */; };
		7F4F1DEE2B007B6200114759 /* FirebaseAnalytics in Frameworks */ = {isa = PBXBuildFile; productRef = 7F4F1DED2B007B6200114759 /* FirebaseAnalytics */; };
		7F4F1DF02B007B6300114759 /* FirebaseAnalyticsOnDeviceConversion in Frameworks */ = {isa = PBXBuildFile; productRef = 7F4F1DEF2B007B6300114759 /* FirebaseAnalyticsOnDeviceConversion */; };
		7F4F1DF22B007B6300114759 /* FirebaseAnalyticsSwift in Frameworks */ = {isa = PBXBuildFile; productRef = 7F4F1DF12B007B6300114759 /* FirebaseAnalyticsSwift */; };
		7F4F1DF42B007B6300114759 /* FirebaseAnalyticsWithoutAdIdSupport in Frameworks */ = {isa = PBXBuildFile; productRef = 7F4F1DF32B007B6300114759 /* FirebaseAnalyticsWithoutAdIdSupport */; };
		7F4F1DF62B007B6300114759 /* FirebaseAppCheck in Frameworks */ = {isa = PBXBuildFile; productRef = 7F4F1DF52B007B6300114759 /* FirebaseAppCheck */; };
		7F4F1DF82B007B6300114759 /* FirebaseAppDistribution-Beta in Frameworks */ = {isa = PBXBuildFile; productRef = 7F4F1DF72B007B6300114759 /* FirebaseAppDistribution-Beta */; };
		7F4F1DFA2B007B6300114759 /* FirebaseAuth in Frameworks */ = {isa = PBXBuildFile; productRef = 7F4F1DF92B007B6300114759 /* FirebaseAuth */; };
		7F4F1DFC2B007B6300114759 /* FirebaseAuthCombine-Community in Frameworks */ = {isa = PBXBuildFile; productRef = 7F4F1DFB2B007B6300114759 /* FirebaseAuthCombine-Community */; };
		7F4F1DFE2B007B6300114759 /* FirebaseCrashlytics in Frameworks */ = {isa = PBXBuildFile; productRef = 7F4F1DFD2B007B6300114759 /* FirebaseCrashlytics */; };
		7F4F1E002B007B6300114759 /* FirebaseDatabase in Frameworks */ = {isa = PBXBuildFile; productRef = 7F4F1DFF2B007B6300114759 /* FirebaseDatabase */; };
		7F4F1E022B007B6300114759 /* FirebaseDatabaseSwift in Frameworks */ = {isa = PBXBuildFile; productRef = 7F4F1E012B007B6300114759 /* FirebaseDatabaseSwift */; };
		7F4F1E042B007B6300114759 /* FirebaseDynamicLinks in Frameworks */ = {isa = PBXBuildFile; productRef = 7F4F1E032B007B6300114759 /* FirebaseDynamicLinks */; };
		7F4F1E062B007B6300114759 /* FirebaseFirestore in Frameworks */ = {isa = PBXBuildFile; productRef = 7F4F1E052B007B6300114759 /* FirebaseFirestore */; };
		7F4F1E082B007B6300114759 /* FirebaseFirestoreCombine-Community in Frameworks */ = {isa = PBXBuildFile; productRef = 7F4F1E072B007B6300114759 /* FirebaseFirestoreCombine-Community */; };
		7F4F1E0A2B007B6300114759 /* FirebaseFirestoreSwift in Frameworks */ = {isa = PBXBuildFile; productRef = 7F4F1E092B007B6300114759 /* FirebaseFirestoreSwift */; };
		7F4F1E0C2B007B6300114759 /* FirebaseFunctions in Frameworks */ = {isa = PBXBuildFile; productRef = 7F4F1E0B2B007B6300114759 /* FirebaseFunctions */; };
		7F4F1E0E2B007B6300114759 /* FirebaseFunctionsCombine-Community in Frameworks */ = {isa = PBXBuildFile; productRef = 7F4F1E0D2B007B6300114759 /* FirebaseFunctionsCombine-Community */; };
		7F4F1E102B007B6400114759 /* FirebaseInAppMessaging-Beta in Frameworks */ = {isa = PBXBuildFile; productRef = 7F4F1E0F2B007B6400114759 /* FirebaseInAppMessaging-Beta */; };
		7F4F1E122B007B6400114759 /* FirebaseInAppMessagingSwift-Beta in Frameworks */ = {isa = PBXBuildFile; productRef = 7F4F1E112B007B6400114759 /* FirebaseInAppMessagingSwift-Beta */; };
		7F4F1E142B007B6400114759 /* FirebaseInstallations in Frameworks */ = {isa = PBXBuildFile; productRef = 7F4F1E132B007B6400114759 /* FirebaseInstallations */; };
		7F4F1E162B007B6400114759 /* FirebaseMLModelDownloader in Frameworks */ = {isa = PBXBuildFile; productRef = 7F4F1E152B007B6400114759 /* FirebaseMLModelDownloader */; };
		7F4F1E182B007B6400114759 /* FirebaseMessaging in Frameworks */ = {isa = PBXBuildFile; productRef = 7F4F1E172B007B6400114759 /* FirebaseMessaging */; };
		7F4F1E1A2B007B6400114759 /* FirebasePerformance in Frameworks */ = {isa = PBXBuildFile; productRef = 7F4F1E192B007B6400114759 /* FirebasePerformance */; };
		7F4F1E1C2B007B6400114759 /* FirebaseRemoteConfig in Frameworks */ = {isa = PBXBuildFile; productRef = 7F4F1E1B2B007B6400114759 /* FirebaseRemoteConfig */; };
		7F4F1E1E2B007B6400114759 /* FirebaseRemoteConfigSwift in Frameworks */ = {isa = PBXBuildFile; productRef = 7F4F1E1D2B007B6400114759 /* FirebaseRemoteConfigSwift */; };
		7F4F1E202B007B6400114759 /* FirebaseStorage in Frameworks */ = {isa = PBXBuildFile; productRef = 7F4F1E1F2B007B6400114759 /* FirebaseStorage */; };
		7F4F1E222B007B6400114759 /* FirebaseStorageCombine-Community in Frameworks */ = {isa = PBXBuildFile; productRef = 7F4F1E212B007B6400114759 /* FirebaseStorageCombine-Community */; };
		AB1C8F532AE45CF800E0A49F /* BaseView.swift in Sources */ = {isa = PBXBuildFile; fileRef = AB1C8F522AE45CF800E0A49F /* BaseView.swift */; };
		AB1C8FBD2AE6147000E0A49F /* PerfilUsuario.swift in Sources */ = {isa = PBXBuildFile; fileRef = AB1C8FBC2AE6147000E0A49F /* PerfilUsuario.swift */; };
		AB2CFB3A2AE85D64006F7FC1 /* Credenciales.swift in Sources */ = {isa = PBXBuildFile; fileRef = AB2CFB392AE85D64006F7FC1 /* Credenciales.swift */; };
		AB2CFB3C2AE89974006F7FC1 /* Llamadas.swift in Sources */ = {isa = PBXBuildFile; fileRef = AB2CFB3B2AE89974006F7FC1 /* Llamadas.swift */; };
		AB34CCE92B15DC9700E7D46B /* HomeAnsiedad.swift in Sources */ = {isa = PBXBuildFile; fileRef = AB34CCE82B15DC9700E7D46B /* HomeAnsiedad.swift */; };
		AB34CCEC2B1635C600E7D46B /* Info.swift in Sources */ = {isa = PBXBuildFile; fileRef = AB34CCEB2B1635C600E7D46B /* Info.swift */; };
		AB34CCEE2B163CE600E7D46B /* ChatMessage.swift in Sources */ = {isa = PBXBuildFile; fileRef = AB34CCED2B163CE600E7D46B /* ChatMessage.swift */; };
		AB34CCF02B16463800E7D46B /* Diario.swift in Sources */ = {isa = PBXBuildFile; fileRef = AB34CCEF2B16463800E7D46B /* Diario.swift */; };
		ABD2540B2AF0A138003D719D /* prueba-login.swift in Sources */ = {isa = PBXBuildFile; fileRef = ABD2540A2AF0A138003D719D /* prueba-login.swift */; };
		ABD2540D2AF0A199003D719D /* LoginViewModel.swift in Sources */ = {isa = PBXBuildFile; fileRef = ABD2540C2AF0A199003D719D /* LoginViewModel.swift */; };
		ABD2540F2AF2B6DC003D719D /* LoadingScreen.swift in Sources */ = {isa = PBXBuildFile; fileRef = ABD2540E2AF2B6DC003D719D /* LoadingScreen.swift */; };
		ABD254112AF2B9E8003D719D /* HomePrueba.swift in Sources */ = {isa = PBXBuildFile; fileRef = ABD254102AF2B9E8003D719D /* HomePrueba.swift */; };
		ABD254782AF49093003D719D /* ImagePicker.swift in Sources */ = {isa = PBXBuildFile; fileRef = ABD254772AF49093003D719D /* ImagePicker.swift */; };
		ABD2547A2AF490C6003D719D /* cargarImagen.swift in Sources */ = {isa = PBXBuildFile; fileRef = ABD254792AF490C6003D719D /* cargarImagen.swift */; };
		EC0B1F5B2AE7004A006ED5D1 /* EstructurasCuestionarios.swift in Sources */ = {isa = PBXBuildFile; fileRef = EC0B1F5A2AE7004A006ED5D1 /* EstructurasCuestionarios.swift */; };
		EC0B1F5D2AE700D2006ED5D1 /* Home.swift in Sources */ = {isa = PBXBuildFile; fileRef = EC0B1F5C2AE700D2006ED5D1 /* Home.swift */; };
		EC0B1F5F2AE7012F006ED5D1 /* QuestionsViews.swift in Sources */ = {isa = PBXBuildFile; fileRef = EC0B1F5E2AE7012F006ED5D1 /* QuestionsViews.swift */; };
		EC2C11522AE301E20076B947 /* ProyectoChipilApp.swift in Sources */ = {isa = PBXBuildFile; fileRef = EC2C11512AE301E20076B947 /* ProyectoChipilApp.swift */; };
		EC2C11542AE301E20076B947 /* ContentView.swift in Sources */ = {isa = PBXBuildFile; fileRef = EC2C11532AE301E20076B947 /* ContentView.swift */; };
		EC2C11562AE301E40076B947 /* Assets.xcassets in Resources */ = {isa = PBXBuildFile; fileRef = EC2C11552AE301E40076B947 /* Assets.xcassets */; };
		EC2C11592AE301E40076B947 /* Preview Assets.xcassets in Resources */ = {isa = PBXBuildFile; fileRef = EC2C11582AE301E40076B947 /* Preview Assets.xcassets */; };
		EC2C115B2AE301E40076B947 /* Persistence.swift in Sources */ = {isa = PBXBuildFile; fileRef = EC2C115A2AE301E40076B947 /* Persistence.swift */; };
		EC2C115E2AE301E40076B947 /* ProyectoChipil.xcdatamodeld in Sources */ = {isa = PBXBuildFile; fileRef = EC2C115C2AE301E40076B947 /* ProyectoChipil.xcdatamodeld */; };
		EC2C11652AE302380076B947 /* GoogleService-Info.plist in Resources */ = {isa = PBXBuildFile; fileRef = EC2C11642AE302380076B947 /* GoogleService-Info.plist */; };
		EC2C119F2AE303BF0076B947 /* AuthenticationFirebaseDataSource.swift in Sources */ = {isa = PBXBuildFile; fileRef = EC2C119E2AE303BF0076B947 /* AuthenticationFirebaseDataSource.swift */; };
		EC2C11A12AE303EA0076B947 /* AuthenticationRepository.swift in Sources */ = {isa = PBXBuildFile; fileRef = EC2C11A02AE303EA0076B947 /* AuthenticationRepository.swift */; };
		EC2C11A32AE304020076B947 /* AuthenticationViewModel.swift in Sources */ = {isa = PBXBuildFile; fileRef = EC2C11A22AE304020076B947 /* AuthenticationViewModel.swift */; };
		EC2C11A62AE304AC0076B947 /* RegisterEmailView.swift in Sources */ = {isa = PBXBuildFile; fileRef = EC2C11A52AE304AC0076B947 /* RegisterEmailView.swift */; };
		EC2C11A82AE304BD0076B947 /* LoginEmailView.swift in Sources */ = {isa = PBXBuildFile; fileRef = EC2C11A72AE304BD0076B947 /* LoginEmailView.swift */; };
		EC2C11AA2AE3052F0076B947 /* DismissView.swift in Sources */ = {isa = PBXBuildFile; fileRef = EC2C11A92AE3052F0076B947 /* DismissView.swift */; };
		EC2C11AC2AE3055C0076B947 /* ViewPrincipal.swift in Sources */ = {isa = PBXBuildFile; fileRef = EC2C11AB2AE3055C0076B947 /* ViewPrincipal.swift */; };
		ECA02DA12AF033CE007BAC30 /* Hospitales.swift in Sources */ = {isa = PBXBuildFile; fileRef = ECA02DA02AF033CE007BAC30 /* Hospitales.swift */; };
		ECC081D72B0EBB4200BE75C7 /* PasswordResetView.swift in Sources */ = {isa = PBXBuildFile; fileRef = ECC081D62B0EBB4200BE75C7 /* PasswordResetView.swift */; };
		ECDCF0022AE70CB800723F61 /* CrearCuestionario.swift in Sources */ = {isa = PBXBuildFile; fileRef = ECDCF0012AE70CB800723F61 /* CrearCuestionario.swift */; };
		ECFA3B392AE9B4EE00009850 /* MuralDatasource.swift in Sources */ = {isa = PBXBuildFile; fileRef = ECFA3B382AE9B4EE00009850 /* MuralDatasource.swift */; };
		ECFA3B3B2AE9B50600009850 /* MuralRepository.swift in Sources */ = {isa = PBXBuildFile; fileRef = ECFA3B3A2AE9B50600009850 /* MuralRepository.swift */; };
		ECFA3B3D2AE9B51D00009850 /* muralViewModel.swift in Sources */ = {isa = PBXBuildFile; fileRef = ECFA3B3C2AE9B51D00009850 /* muralViewModel.swift */; };
		ECFA3B3F2AE9D0A800009850 /* Noticia.swift in Sources */ = {isa = PBXBuildFile; fileRef = ECFA3B3E2AE9D0A800009850 /* Noticia.swift */; };
/* End PBXBuildFile section */

/* Begin PBXFileReference section */
		AB1C8F522AE45CF800E0A49F /* BaseView.swift */ = {isa = PBXFileReference; lastKnownFileType = sourcecode.swift; path = BaseView.swift; sourceTree = "<group>"; };
		AB1C8FBC2AE6147000E0A49F /* PerfilUsuario.swift */ = {isa = PBXFileReference; lastKnownFileType = sourcecode.swift; path = PerfilUsuario.swift; sourceTree = "<group>"; };
		AB2CFB392AE85D64006F7FC1 /* Credenciales.swift */ = {isa = PBXFileReference; lastKnownFileType = sourcecode.swift; path = Credenciales.swift; sourceTree = "<group>"; };
		AB2CFB3B2AE89974006F7FC1 /* Llamadas.swift */ = {isa = PBXFileReference; lastKnownFileType = sourcecode.swift; path = Llamadas.swift; sourceTree = "<group>"; };
		AB34CCE82B15DC9700E7D46B /* HomeAnsiedad.swift */ = {isa = PBXFileReference; lastKnownFileType = sourcecode.swift; path = HomeAnsiedad.swift; sourceTree = "<group>"; };
		AB34CCEB2B1635C600E7D46B /* Info.swift */ = {isa = PBXFileReference; lastKnownFileType = sourcecode.swift; path = Info.swift; sourceTree = "<group>"; };
		AB34CCED2B163CE600E7D46B /* ChatMessage.swift */ = {isa = PBXFileReference; lastKnownFileType = sourcecode.swift; path = ChatMessage.swift; sourceTree = "<group>"; };
		AB34CCEF2B16463800E7D46B /* Diario.swift */ = {isa = PBXFileReference; lastKnownFileType = sourcecode.swift; path = Diario.swift; sourceTree = "<group>"; };
		ABD254082AEF5351003D719D /* Info.plist */ = {isa = PBXFileReference; lastKnownFileType = text.plist; path = Info.plist; sourceTree = "<group>"; };
		ABD2540A2AF0A138003D719D /* prueba-login.swift */ = {isa = PBXFileReference; lastKnownFileType = sourcecode.swift; path = "prueba-login.swift"; sourceTree = "<group>"; };
		ABD2540C2AF0A199003D719D /* LoginViewModel.swift */ = {isa = PBXFileReference; lastKnownFileType = sourcecode.swift; path = LoginViewModel.swift; sourceTree = "<group>"; };
		ABD2540E2AF2B6DC003D719D /* LoadingScreen.swift */ = {isa = PBXFileReference; lastKnownFileType = sourcecode.swift; path = LoadingScreen.swift; sourceTree = "<group>"; };
		ABD254102AF2B9E8003D719D /* HomePrueba.swift */ = {isa = PBXFileReference; lastKnownFileType = sourcecode.swift; path = HomePrueba.swift; sourceTree = "<group>"; };
		ABD254772AF49093003D719D /* ImagePicker.swift */ = {isa = PBXFileReference; lastKnownFileType = sourcecode.swift; path = ImagePicker.swift; sourceTree = "<group>"; };
		ABD254792AF490C6003D719D /* cargarImagen.swift */ = {isa = PBXFileReference; lastKnownFileType = sourcecode.swift; path = cargarImagen.swift; sourceTree = "<group>"; };
		EC0B1F5A2AE7004A006ED5D1 /* EstructurasCuestionarios.swift */ = {isa = PBXFileReference; lastKnownFileType = sourcecode.swift; path = EstructurasCuestionarios.swift; sourceTree = "<group>"; };
		EC0B1F5C2AE700D2006ED5D1 /* Home.swift */ = {isa = PBXFileReference; lastKnownFileType = sourcecode.swift; path = Home.swift; sourceTree = "<group>"; };
		EC0B1F5E2AE7012F006ED5D1 /* QuestionsViews.swift */ = {isa = PBXFileReference; lastKnownFileType = sourcecode.swift; path = QuestionsViews.swift; sourceTree = "<group>"; };
		EC2C114E2AE301E20076B947 /* ProyectoChipil.app */ = {isa = PBXFileReference; explicitFileType = wrapper.application; includeInIndex = 0; path = ProyectoChipil.app; sourceTree = BUILT_PRODUCTS_DIR; };
		EC2C11512AE301E20076B947 /* ProyectoChipilApp.swift */ = {isa = PBXFileReference; lastKnownFileType = sourcecode.swift; path = ProyectoChipilApp.swift; sourceTree = "<group>"; };
		EC2C11532AE301E20076B947 /* ContentView.swift */ = {isa = PBXFileReference; lastKnownFileType = sourcecode.swift; path = ContentView.swift; sourceTree = "<group>"; };
		EC2C11552AE301E40076B947 /* Assets.xcassets */ = {isa = PBXFileReference; lastKnownFileType = folder.assetcatalog; path = Assets.xcassets; sourceTree = "<group>"; };
		EC2C11582AE301E40076B947 /* Preview Assets.xcassets */ = {isa = PBXFileReference; lastKnownFileType = folder.assetcatalog; path = "Preview Assets.xcassets"; sourceTree = "<group>"; };
		EC2C115A2AE301E40076B947 /* Persistence.swift */ = {isa = PBXFileReference; lastKnownFileType = sourcecode.swift; path = Persistence.swift; sourceTree = "<group>"; };
		EC2C115D2AE301E40076B947 /* ProyectoChipil.xcdatamodel */ = {isa = PBXFileReference; lastKnownFileType = wrapper.xcdatamodel; path = ProyectoChipil.xcdatamodel; sourceTree = "<group>"; };
		EC2C11642AE302380076B947 /* GoogleService-Info.plist */ = {isa = PBXFileReference; fileEncoding = 4; lastKnownFileType = text.plist.xml; path = "GoogleService-Info.plist"; sourceTree = "<group>"; };
		EC2C119E2AE303BF0076B947 /* AuthenticationFirebaseDataSource.swift */ = {isa = PBXFileReference; lastKnownFileType = sourcecode.swift; path = AuthenticationFirebaseDataSource.swift; sourceTree = "<group>"; };
		EC2C11A02AE303EA0076B947 /* AuthenticationRepository.swift */ = {isa = PBXFileReference; lastKnownFileType = sourcecode.swift; path = AuthenticationRepository.swift; sourceTree = "<group>"; };
		EC2C11A22AE304020076B947 /* AuthenticationViewModel.swift */ = {isa = PBXFileReference; lastKnownFileType = sourcecode.swift; path = AuthenticationViewModel.swift; sourceTree = "<group>"; };
		EC2C11A52AE304AC0076B947 /* RegisterEmailView.swift */ = {isa = PBXFileReference; lastKnownFileType = sourcecode.swift; path = RegisterEmailView.swift; sourceTree = "<group>"; };
		EC2C11A72AE304BD0076B947 /* LoginEmailView.swift */ = {isa = PBXFileReference; lastKnownFileType = sourcecode.swift; path = LoginEmailView.swift; sourceTree = "<group>"; };
		EC2C11A92AE3052F0076B947 /* DismissView.swift */ = {isa = PBXFileReference; lastKnownFileType = sourcecode.swift; path = DismissView.swift; sourceTree = "<group>"; };
		EC2C11AB2AE3055C0076B947 /* ViewPrincipal.swift */ = {isa = PBXFileReference; lastKnownFileType = sourcecode.swift; path = ViewPrincipal.swift; sourceTree = "<group>"; };
		ECA02DA02AF033CE007BAC30 /* Hospitales.swift */ = {isa = PBXFileReference; lastKnownFileType = sourcecode.swift; path = Hospitales.swift; sourceTree = "<group>"; };
		ECC081D62B0EBB4200BE75C7 /* PasswordResetView.swift */ = {isa = PBXFileReference; lastKnownFileType = sourcecode.swift; path = PasswordResetView.swift; sourceTree = "<group>"; };
		ECDCF0012AE70CB800723F61 /* CrearCuestionario.swift */ = {isa = PBXFileReference; lastKnownFileType = sourcecode.swift; path = CrearCuestionario.swift; sourceTree = "<group>"; };
		ECFA3B382AE9B4EE00009850 /* MuralDatasource.swift */ = {isa = PBXFileReference; lastKnownFileType = sourcecode.swift; path = MuralDatasource.swift; sourceTree = "<group>"; };
		ECFA3B3A2AE9B50600009850 /* MuralRepository.swift */ = {isa = PBXFileReference; lastKnownFileType = sourcecode.swift; path = MuralRepository.swift; sourceTree = "<group>"; };
		ECFA3B3C2AE9B51D00009850 /* muralViewModel.swift */ = {isa = PBXFileReference; lastKnownFileType = sourcecode.swift; path = muralViewModel.swift; sourceTree = "<group>"; };
		ECFA3B3E2AE9D0A800009850 /* Noticia.swift */ = {isa = PBXFileReference; lastKnownFileType = sourcecode.swift; path = Noticia.swift; sourceTree = "<group>"; };
/* End PBXFileReference section */

/* Begin PBXFrameworksBuildPhase section */
		EC2C114B2AE301E20076B947 /* Frameworks */ = {
			isa = PBXFrameworksBuildPhase;
			buildActionMask = 2147483647;
			files = (
				7F4F1DC92B0079AC00114759 /* FirebaseDatabase in Frameworks */,
				7F4F1DD72B0079AC00114759 /* FirebaseFunctionsCombine-Community in Frameworks */,
				7F4F1DCF2B0079AC00114759 /* FirebaseFirestore in Frameworks */,
				7F4F1E162B007B6400114759 /* FirebaseMLModelDownloader in Frameworks */,
				7F4F1DBB2B0079AC00114759 /* FirebaseAnalyticsSwift in Frameworks */,
				7F4F1E122B007B6400114759 /* FirebaseInAppMessagingSwift-Beta in Frameworks */,
				7F4F1DB72B0079AC00114759 /* FirebaseAnalytics in Frameworks */,
				7F4F1DB92B0079AC00114759 /* FirebaseAnalyticsOnDeviceConversion in Frameworks */,
				7F4F1DD32B0079AC00114759 /* FirebaseFirestoreSwift in Frameworks */,
				7F4F1DE12B0079AC00114759 /* FirebaseMLModelDownloader in Frameworks */,
				7F4F1DBF2B0079AC00114759 /* FirebaseAppCheck in Frameworks */,
				7F4F1DBD2B0079AC00114759 /* FirebaseAnalyticsWithoutAdIdSupport in Frameworks */,
				7F4F1E142B007B6400114759 /* FirebaseInstallations in Frameworks */,
				7F4F1DDF2B0079AC00114759 /* FirebaseMessaging in Frameworks */,
				7F4F1DC32B0079AC00114759 /* FirebaseAuth in Frameworks */,
				7F4F1DE72B0079AC00114759 /* FirebaseRemoteConfigSwift in Frameworks */,
				7F4F1E222B007B6400114759 /* FirebaseStorageCombine-Community in Frameworks */,
				7F4F1E062B007B6300114759 /* FirebaseFirestore in Frameworks */,
				7F4F1DF02B007B6300114759 /* FirebaseAnalyticsOnDeviceConversion in Frameworks */,
				7F4F1DC72B0079AC00114759 /* FirebaseCrashlytics in Frameworks */,
				7F4F1DEE2B007B6200114759 /* FirebaseAnalytics in Frameworks */,
				7F4F1E0A2B007B6300114759 /* FirebaseFirestoreSwift in Frameworks */,
				7F4F1E1C2B007B6400114759 /* FirebaseRemoteConfig in Frameworks */,
				7F4F1DF62B007B6300114759 /* FirebaseAppCheck in Frameworks */,
				7F4F1DF42B007B6300114759 /* FirebaseAnalyticsWithoutAdIdSupport in Frameworks */,
				7F4F1E202B007B6400114759 /* FirebaseStorage in Frameworks */,
				7F4F1DD92B0079AC00114759 /* FirebaseInAppMessaging-Beta in Frameworks */,
				7F4F1E1E2B007B6400114759 /* FirebaseRemoteConfigSwift in Frameworks */,
				7F4F1DFC2B007B6300114759 /* FirebaseAuthCombine-Community in Frameworks */,
				7F4F1DFA2B007B6300114759 /* FirebaseAuth in Frameworks */,
				7F4F1DCB2B0079AC00114759 /* FirebaseDatabaseSwift in Frameworks */,
				7F4F1DF82B007B6300114759 /* FirebaseAppDistribution-Beta in Frameworks */,
				7F4F1DEB2B0079AC00114759 /* FirebaseStorageCombine-Community in Frameworks */,
				7F4F1DE52B0079AC00114759 /* FirebaseRemoteConfig in Frameworks */,
				7F4F1DD52B0079AC00114759 /* FirebaseFunctions in Frameworks */,
				7F4F1DC12B0079AC00114759 /* FirebaseAppDistribution-Beta in Frameworks */,
				7F4F1E102B007B6400114759 /* FirebaseInAppMessaging-Beta in Frameworks */,
				7F4F1DE32B0079AC00114759 /* FirebasePerformance in Frameworks */,
				7F4F1DC52B0079AC00114759 /* FirebaseAuthCombine-Community in Frameworks */,
				7F4F1E0E2B007B6300114759 /* FirebaseFunctionsCombine-Community in Frameworks */,
				7F4F1E002B007B6300114759 /* FirebaseDatabase in Frameworks */,
				7F4F1E182B007B6400114759 /* FirebaseMessaging in Frameworks */,
				7F4F1DF22B007B6300114759 /* FirebaseAnalyticsSwift in Frameworks */,
				7F4F1E0C2B007B6300114759 /* FirebaseFunctions in Frameworks */,
				7F4F1DE92B0079AC00114759 /* FirebaseStorage in Frameworks */,
				7F4F1E022B007B6300114759 /* FirebaseDatabaseSwift in Frameworks */,
				7F4F1E1A2B007B6400114759 /* FirebasePerformance in Frameworks */,
				7F4F1DDB2B0079AC00114759 /* FirebaseInAppMessagingSwift-Beta in Frameworks */,
				7F4F1DCD2B0079AC00114759 /* FirebaseDynamicLinks in Frameworks */,
				7F4F1DFE2B007B6300114759 /* FirebaseCrashlytics in Frameworks */,
				7F4F1DD12B0079AC00114759 /* FirebaseFirestoreCombine-Community in Frameworks */,
				7F4F1DDD2B0079AC00114759 /* FirebaseInstallations in Frameworks */,
				7F4F1E082B007B6300114759 /* FirebaseFirestoreCombine-Community in Frameworks */,
				7F4F1E042B007B6300114759 /* FirebaseDynamicLinks in Frameworks */,
			);
			runOnlyForDeploymentPostprocessing = 0;
		};
/* End PBXFrameworksBuildPhase section */

/* Begin PBXGroup section */
		7F4F1DB52B00783400114759 /* Frameworks */ = {
			isa = PBXGroup;
			children = (
			);
			name = Frameworks;
			sourceTree = "<group>";
		};
		AB1C8F4F2AE45CD700E0A49F /* Menu */ = {
			isa = PBXGroup;
			children = (
				AB1C8F522AE45CF800E0A49F /* BaseView.swift */,
				AB1C8F542AE5DA3400E0A49F /* Botones */,
			);
			path = Menu;
			sourceTree = "<group>";
		};
		AB1C8F542AE5DA3400E0A49F /* Botones */ = {
			isa = PBXGroup;
			children = (
				ABD254762AF49086003D719D /* cargar fotos */,
				AB1C8FBC2AE6147000E0A49F /* PerfilUsuario.swift */,
				ECA02DA02AF033CE007BAC30 /* Hospitales.swift */,
				AB2CFB3B2AE89974006F7FC1 /* Llamadas.swift */,
				AB2CFB392AE85D64006F7FC1 /* Credenciales.swift */,
			);
			path = Botones;
			sourceTree = "<group>";
		};
		AB34CCEA2B16330F00E7D46B /* CHATGPT */ = {
			isa = PBXGroup;
			children = (
				AB34CCED2B163CE600E7D46B /* ChatMessage.swift */,
				AB34CCEF2B16463800E7D46B /* Diario.swift */,
			);
			path = CHATGPT;
			sourceTree = "<group>";
		};
		ABD254092AF0A114003D719D /* prueba de inicio-login */ = {
			isa = PBXGroup;
			children = (
				EC2C11AB2AE3055C0076B947 /* ViewPrincipal.swift */,
				ABD2540A2AF0A138003D719D /* prueba-login.swift */,
				ABD2540C2AF0A199003D719D /* LoginViewModel.swift */,
				ABD2540E2AF2B6DC003D719D /* LoadingScreen.swift */,
				ABD254102AF2B9E8003D719D /* HomePrueba.swift */,
			);
			path = "prueba de inicio-login";
			sourceTree = "<group>";
		};
		ABD254762AF49086003D719D /* cargar fotos */ = {
			isa = PBXGroup;
			children = (
				ABD254772AF49093003D719D /* ImagePicker.swift */,
				ABD254792AF490C6003D719D /* cargarImagen.swift */,
			);
			path = "cargar fotos";
			sourceTree = "<group>";
		};
		EC0B1F582AE70005006ED5D1 /* Cuestionarios */ = {
			isa = PBXGroup;
			children = (
				EC0B1F5A2AE7004A006ED5D1 /* EstructurasCuestionarios.swift */,
				ECDCF0012AE70CB800723F61 /* CrearCuestionario.swift */,
				EC0B1F5C2AE700D2006ED5D1 /* Home.swift */,
				AB34CCE82B15DC9700E7D46B /* HomeAnsiedad.swift */,
				EC0B1F5E2AE7012F006ED5D1 /* QuestionsViews.swift */,
			);
			path = Cuestionarios;
			sourceTree = "<group>";
		};
		EC2C11452AE301E20076B947 = {
			isa = PBXGroup;
			children = (
				EC2C11502AE301E20076B947 /* ProyectoChipil */,
				EC2C114F2AE301E20076B947 /* Products */,
				7F4F1DB52B00783400114759 /* Frameworks */,
			);
			sourceTree = "<group>";
		};
		EC2C114F2AE301E20076B947 /* Products */ = {
			isa = PBXGroup;
			children = (
				EC2C114E2AE301E20076B947 /* ProyectoChipil.app */,
			);
			name = Products;
			sourceTree = "<group>";
		};
		EC2C11502AE301E20076B947 /* ProyectoChipil */ = {
			isa = PBXGroup;
			children = (
				ABD254082AEF5351003D719D /* Info.plist */,
				EC2C11512AE301E20076B947 /* ProyectoChipilApp.swift */,
				EC2C11A92AE3052F0076B947 /* DismissView.swift */,
				EC2C11532AE301E20076B947 /* ContentView.swift */,
				AB34CCEB2B1635C600E7D46B /* Info.swift */,
				AB34CCEA2B16330F00E7D46B /* CHATGPT */,
				ABD254092AF0A114003D719D /* prueba de inicio-login */,
				ECFA3B372AE9B4C300009850 /* FireBase */,
				AB1C8F4F2AE45CD700E0A49F /* Menu */,
				EC0B1F582AE70005006ED5D1 /* Cuestionarios */,
				EC2C119D2AE303940076B947 /* Inicio de sesion */,
				EC2C11552AE301E40076B947 /* Assets.xcassets */,
				EC2C115A2AE301E40076B947 /* Persistence.swift */,
				EC2C11642AE302380076B947 /* GoogleService-Info.plist */,
				EC2C115C2AE301E40076B947 /* ProyectoChipil.xcdatamodeld */,
				EC2C11572AE301E40076B947 /* Preview Content */,
			);
			path = ProyectoChipil;
			sourceTree = "<group>";
		};
		EC2C11572AE301E40076B947 /* Preview Content */ = {
			isa = PBXGroup;
			children = (
				EC2C11582AE301E40076B947 /* Preview Assets.xcassets */,
			);
			path = "Preview Content";
			sourceTree = "<group>";
		};
		EC2C119D2AE303940076B947 /* Inicio de sesion */ = {
			isa = PBXGroup;
			children = (
				EC2C11A42AE304610076B947 /* Vistas */,
				EC2C119E2AE303BF0076B947 /* AuthenticationFirebaseDataSource.swift */,
				EC2C11A02AE303EA0076B947 /* AuthenticationRepository.swift */,
				EC2C11A22AE304020076B947 /* AuthenticationViewModel.swift */,
			);
			path = "Inicio de sesion";
			sourceTree = "<group>";
		};
		EC2C11A42AE304610076B947 /* Vistas */ = {
			isa = PBXGroup;
			children = (
				EC2C11A52AE304AC0076B947 /* RegisterEmailView.swift */,
				ECC081D62B0EBB4200BE75C7 /* PasswordResetView.swift */,
				EC2C11A72AE304BD0076B947 /* LoginEmailView.swift */,
			);
			path = Vistas;
			sourceTree = "<group>";
		};
		ECFA3B372AE9B4C300009850 /* FireBase */ = {
			isa = PBXGroup;
			children = (
				ECFA3B382AE9B4EE00009850 /* MuralDatasource.swift */,
				ECFA3B3A2AE9B50600009850 /* MuralRepository.swift */,
				ECFA3B3C2AE9B51D00009850 /* muralViewModel.swift */,
				ECFA3B3E2AE9D0A800009850 /* Noticia.swift */,
			);
			path = FireBase;
			sourceTree = "<group>";
		};
/* End PBXGroup section */

/* Begin PBXNativeTarget section */
		EC2C114D2AE301E20076B947 /* ProyectoChipil */ = {
			isa = PBXNativeTarget;
			buildConfigurationList = EC2C11612AE301E40076B947 /* Build configuration list for PBXNativeTarget "ProyectoChipil" */;
			buildPhases = (
				EC2C114A2AE301E20076B947 /* Sources */,
				EC2C114B2AE301E20076B947 /* Frameworks */,
				EC2C114C2AE301E20076B947 /* Resources */,
			);
			buildRules = (
			);
			dependencies = (
			);
			name = ProyectoChipil;
			packageProductDependencies = (
				7F4F1DB62B0079AC00114759 /* FirebaseAnalytics */,
				7F4F1DB82B0079AC00114759 /* FirebaseAnalyticsOnDeviceConversion */,
				7F4F1DBA2B0079AC00114759 /* FirebaseAnalyticsSwift */,
				7F4F1DBC2B0079AC00114759 /* FirebaseAnalyticsWithoutAdIdSupport */,
				7F4F1DBE2B0079AC00114759 /* FirebaseAppCheck */,
				7F4F1DC02B0079AC00114759 /* FirebaseAppDistribution-Beta */,
				7F4F1DC22B0079AC00114759 /* FirebaseAuth */,
				7F4F1DC42B0079AC00114759 /* FirebaseAuthCombine-Community */,
				7F4F1DC62B0079AC00114759 /* FirebaseCrashlytics */,
				7F4F1DC82B0079AC00114759 /* FirebaseDatabase */,
				7F4F1DCA2B0079AC00114759 /* FirebaseDatabaseSwift */,
				7F4F1DCC2B0079AC00114759 /* FirebaseDynamicLinks */,
				7F4F1DCE2B0079AC00114759 /* FirebaseFirestore */,
				7F4F1DD02B0079AC00114759 /* FirebaseFirestoreCombine-Community */,
				7F4F1DD22B0079AC00114759 /* FirebaseFirestoreSwift */,
				7F4F1DD42B0079AC00114759 /* FirebaseFunctions */,
				7F4F1DD62B0079AC00114759 /* FirebaseFunctionsCombine-Community */,
				7F4F1DD82B0079AC00114759 /* FirebaseInAppMessaging-Beta */,
				7F4F1DDA2B0079AC00114759 /* FirebaseInAppMessagingSwift-Beta */,
				7F4F1DDC2B0079AC00114759 /* FirebaseInstallations */,
				7F4F1DDE2B0079AC00114759 /* FirebaseMessaging */,
				7F4F1DE02B0079AC00114759 /* FirebaseMLModelDownloader */,
				7F4F1DE22B0079AC00114759 /* FirebasePerformance */,
				7F4F1DE42B0079AC00114759 /* FirebaseRemoteConfig */,
				7F4F1DE62B0079AC00114759 /* FirebaseRemoteConfigSwift */,
				7F4F1DE82B0079AC00114759 /* FirebaseStorage */,
				7F4F1DEA2B0079AC00114759 /* FirebaseStorageCombine-Community */,
				7F4F1DED2B007B6200114759 /* FirebaseAnalytics */,
				7F4F1DEF2B007B6300114759 /* FirebaseAnalyticsOnDeviceConversion */,
				7F4F1DF12B007B6300114759 /* FirebaseAnalyticsSwift */,
				7F4F1DF32B007B6300114759 /* FirebaseAnalyticsWithoutAdIdSupport */,
				7F4F1DF52B007B6300114759 /* FirebaseAppCheck */,
				7F4F1DF72B007B6300114759 /* FirebaseAppDistribution-Beta */,
				7F4F1DF92B007B6300114759 /* FirebaseAuth */,
				7F4F1DFB2B007B6300114759 /* FirebaseAuthCombine-Community */,
				7F4F1DFD2B007B6300114759 /* FirebaseCrashlytics */,
				7F4F1DFF2B007B6300114759 /* FirebaseDatabase */,
				7F4F1E012B007B6300114759 /* FirebaseDatabaseSwift */,
				7F4F1E032B007B6300114759 /* FirebaseDynamicLinks */,
				7F4F1E052B007B6300114759 /* FirebaseFirestore */,
				7F4F1E072B007B6300114759 /* FirebaseFirestoreCombine-Community */,
				7F4F1E092B007B6300114759 /* FirebaseFirestoreSwift */,
				7F4F1E0B2B007B6300114759 /* FirebaseFunctions */,
				7F4F1E0D2B007B6300114759 /* FirebaseFunctionsCombine-Community */,
				7F4F1E0F2B007B6400114759 /* FirebaseInAppMessaging-Beta */,
				7F4F1E112B007B6400114759 /* FirebaseInAppMessagingSwift-Beta */,
				7F4F1E132B007B6400114759 /* FirebaseInstallations */,
				7F4F1E152B007B6400114759 /* FirebaseMLModelDownloader */,
				7F4F1E172B007B6400114759 /* FirebaseMessaging */,
				7F4F1E192B007B6400114759 /* FirebasePerformance */,
				7F4F1E1B2B007B6400114759 /* FirebaseRemoteConfig */,
				7F4F1E1D2B007B6400114759 /* FirebaseRemoteConfigSwift */,
				7F4F1E1F2B007B6400114759 /* FirebaseStorage */,
				7F4F1E212B007B6400114759 /* FirebaseStorageCombine-Community */,
			);
			productName = ProyectoChipil;
			productReference = EC2C114E2AE301E20076B947 /* ProyectoChipil.app */;
			productType = "com.apple.product-type.application";
		};
/* End PBXNativeTarget section */

/* Begin PBXProject section */
		EC2C11462AE301E20076B947 /* Project object */ = {
			isa = PBXProject;
			attributes = {
				BuildIndependentTargetsInParallel = 1;
				LastSwiftUpdateCheck = 1500;
				LastUpgradeCheck = 1500;
				TargetAttributes = {
					EC2C114D2AE301E20076B947 = {
						CreatedOnToolsVersion = 15.0;
					};
				};
			};
			buildConfigurationList = EC2C11492AE301E20076B947 /* Build configuration list for PBXProject "ProyectoChipil" */;
			compatibilityVersion = "Xcode 14.0";
			developmentRegion = en;
			hasScannedForEncodings = 0;
			knownRegions = (
				en,
				Base,
			);
			mainGroup = EC2C11452AE301E20076B947;
			packageReferences = (
				EC2C11662AE302BB0076B947 /* XCRemoteSwiftPackageReference "firebase-ios-sdk" */,
			);
			productRefGroup = EC2C114F2AE301E20076B947 /* Products */;
			projectDirPath = "";
			projectRoot = "";
			targets = (
				EC2C114D2AE301E20076B947 /* ProyectoChipil */,
			);
		};
/* End PBXProject section */

/* Begin PBXResourcesBuildPhase section */
		EC2C114C2AE301E20076B947 /* Resources */ = {
			isa = PBXResourcesBuildPhase;
			buildActionMask = 2147483647;
			files = (
				EC2C11592AE301E40076B947 /* Preview Assets.xcassets in Resources */,
				EC2C11562AE301E40076B947 /* Assets.xcassets in Resources */,
				EC2C11652AE302380076B947 /* GoogleService-Info.plist in Resources */,
			);
			runOnlyForDeploymentPostprocessing = 0;
		};
/* End PBXResourcesBuildPhase section */

/* Begin PBXSourcesBuildPhase section */
		EC2C114A2AE301E20076B947 /* Sources */ = {
			isa = PBXSourcesBuildPhase;
			buildActionMask = 2147483647;
			files = (
				AB1C8FBD2AE6147000E0A49F /* PerfilUsuario.swift in Sources */,
				EC2C115B2AE301E40076B947 /* Persistence.swift in Sources */,
				ECFA3B3D2AE9B51D00009850 /* muralViewModel.swift in Sources */,
				AB1C8F532AE45CF800E0A49F /* BaseView.swift in Sources */,
				AB2CFB3A2AE85D64006F7FC1 /* Credenciales.swift in Sources */,
				EC2C11AA2AE3052F0076B947 /* DismissView.swift in Sources */,
				EC2C115E2AE301E40076B947 /* ProyectoChipil.xcdatamodeld in Sources */,
				EC2C11A62AE304AC0076B947 /* RegisterEmailView.swift in Sources */,
				ABD2540D2AF0A199003D719D /* LoginViewModel.swift in Sources */,
				EC2C11A32AE304020076B947 /* AuthenticationViewModel.swift in Sources */,
				ECFA3B392AE9B4EE00009850 /* MuralDatasource.swift in Sources */,
				ABD254112AF2B9E8003D719D /* HomePrueba.swift in Sources */,
				AB34CCF02B16463800E7D46B /* Diario.swift in Sources */,
				ECFA3B3F2AE9D0A800009850 /* Noticia.swift in Sources */,
				ECFA3B3B2AE9B50600009850 /* MuralRepository.swift in Sources */,
				EC0B1F5D2AE700D2006ED5D1 /* Home.swift in Sources */,
				AB34CCE92B15DC9700E7D46B /* HomeAnsiedad.swift in Sources */,
				EC0B1F5F2AE7012F006ED5D1 /* QuestionsViews.swift in Sources */,
				AB34CCEE2B163CE600E7D46B /* ChatMessage.swift in Sources */,
				AB2CFB3C2AE89974006F7FC1 /* Llamadas.swift in Sources */,
				ABD254782AF49093003D719D /* ImagePicker.swift in Sources */,
				ECA02DA12AF033CE007BAC30 /* Hospitales.swift in Sources */,
				ABD2540B2AF0A138003D719D /* prueba-login.swift in Sources */,
				AB34CCEC2B1635C600E7D46B /* Info.swift in Sources */,
				EC2C11A82AE304BD0076B947 /* LoginEmailView.swift in Sources */,
				ECC081D72B0EBB4200BE75C7 /* PasswordResetView.swift in Sources */,
				EC2C119F2AE303BF0076B947 /* AuthenticationFirebaseDataSource.swift in Sources */,
				EC2C11A12AE303EA0076B947 /* AuthenticationRepository.swift in Sources */,
				EC2C11542AE301E20076B947 /* ContentView.swift in Sources */,
				ECDCF0022AE70CB800723F61 /* CrearCuestionario.swift in Sources */,
				EC2C11AC2AE3055C0076B947 /* ViewPrincipal.swift in Sources */,
				EC0B1F5B2AE7004A006ED5D1 /* EstructurasCuestionarios.swift in Sources */,
				EC2C11522AE301E20076B947 /* ProyectoChipilApp.swift in Sources */,
				ABD2547A2AF490C6003D719D /* cargarImagen.swift in Sources */,
				ABD2540F2AF2B6DC003D719D /* LoadingScreen.swift in Sources */,
			);
			runOnlyForDeploymentPostprocessing = 0;
		};
/* End PBXSourcesBuildPhase section */

/* Begin XCBuildConfiguration section */
		EC2C115F2AE301E40076B947 /* Debug */ = {
			isa = XCBuildConfiguration;
			buildSettings = {
				ALWAYS_SEARCH_USER_PATHS = NO;
				ASSETCATALOG_COMPILER_GENERATE_SWIFT_ASSET_SYMBOL_EXTENSIONS = YES;
				CLANG_ANALYZER_NONNULL = YES;
				CLANG_ANALYZER_NUMBER_OBJECT_CONVERSION = YES_AGGRESSIVE;
				CLANG_CXX_LANGUAGE_STANDARD = "gnu++20";
				CLANG_ENABLE_MODULES = YES;
				CLANG_ENABLE_OBJC_ARC = YES;
				CLANG_ENABLE_OBJC_WEAK = YES;
				CLANG_WARN_BLOCK_CAPTURE_AUTORELEASING = YES;
				CLANG_WARN_BOOL_CONVERSION = YES;
				CLANG_WARN_COMMA = YES;
				CLANG_WARN_CONSTANT_CONVERSION = YES;
				CLANG_WARN_DEPRECATED_OBJC_IMPLEMENTATIONS = YES;
				CLANG_WARN_DIRECT_OBJC_ISA_USAGE = YES_ERROR;
				CLANG_WARN_DOCUMENTATION_COMMENTS = YES;
				CLANG_WARN_EMPTY_BODY = YES;
				CLANG_WARN_ENUM_CONVERSION = YES;
				CLANG_WARN_INFINITE_RECURSION = YES;
				CLANG_WARN_INT_CONVERSION = YES;
				CLANG_WARN_NON_LITERAL_NULL_CONVERSION = YES;
				CLANG_WARN_OBJC_IMPLICIT_RETAIN_SELF = YES;
				CLANG_WARN_OBJC_LITERAL_CONVERSION = YES;
				CLANG_WARN_OBJC_ROOT_CLASS = YES_ERROR;
				CLANG_WARN_QUOTED_INCLUDE_IN_FRAMEWORK_HEADER = YES;
				CLANG_WARN_RANGE_LOOP_ANALYSIS = YES;
				CLANG_WARN_STRICT_PROTOTYPES = YES;
				CLANG_WARN_SUSPICIOUS_MOVE = YES;
				CLANG_WARN_UNGUARDED_AVAILABILITY = YES_AGGRESSIVE;
				CLANG_WARN_UNREACHABLE_CODE = YES;
				CLANG_WARN__DUPLICATE_METHOD_MATCH = YES;
				COPY_PHASE_STRIP = NO;
				DEBUG_INFORMATION_FORMAT = dwarf;
				ENABLE_STRICT_OBJC_MSGSEND = YES;
				ENABLE_TESTABILITY = YES;
				ENABLE_USER_SCRIPT_SANDBOXING = YES;
				GCC_C_LANGUAGE_STANDARD = gnu17;
				GCC_DYNAMIC_NO_PIC = NO;
				GCC_NO_COMMON_BLOCKS = YES;
				GCC_OPTIMIZATION_LEVEL = 0;
				GCC_PREPROCESSOR_DEFINITIONS = (
					"DEBUG=1",
					"$(inherited)",
				);
				GCC_WARN_64_TO_32_BIT_CONVERSION = YES;
				GCC_WARN_ABOUT_RETURN_TYPE = YES_ERROR;
				GCC_WARN_UNDECLARED_SELECTOR = YES;
				GCC_WARN_UNINITIALIZED_AUTOS = YES_AGGRESSIVE;
				GCC_WARN_UNUSED_FUNCTION = YES;
				GCC_WARN_UNUSED_VARIABLE = YES;
				IPHONEOS_DEPLOYMENT_TARGET = 17.0;
				LOCALIZATION_PREFERS_STRING_CATALOGS = YES;
				MTL_ENABLE_DEBUG_INFO = INCLUDE_SOURCE;
				MTL_FAST_MATH = YES;
				ONLY_ACTIVE_ARCH = YES;
				SDKROOT = iphoneos;
				SWIFT_ACTIVE_COMPILATION_CONDITIONS = "DEBUG $(inherited)";
				SWIFT_OPTIMIZATION_LEVEL = "-Onone";
			};
			name = Debug;
		};
		EC2C11602AE301E40076B947 /* Release */ = {
			isa = XCBuildConfiguration;
			buildSettings = {
				ALWAYS_SEARCH_USER_PATHS = NO;
				ASSETCATALOG_COMPILER_GENERATE_SWIFT_ASSET_SYMBOL_EXTENSIONS = YES;
				CLANG_ANALYZER_NONNULL = YES;
				CLANG_ANALYZER_NUMBER_OBJECT_CONVERSION = YES_AGGRESSIVE;
				CLANG_CXX_LANGUAGE_STANDARD = "gnu++20";
				CLANG_ENABLE_MODULES = YES;
				CLANG_ENABLE_OBJC_ARC = YES;
				CLANG_ENABLE_OBJC_WEAK = YES;
				CLANG_WARN_BLOCK_CAPTURE_AUTORELEASING = YES;
				CLANG_WARN_BOOL_CONVERSION = YES;
				CLANG_WARN_COMMA = YES;
				CLANG_WARN_CONSTANT_CONVERSION = YES;
				CLANG_WARN_DEPRECATED_OBJC_IMPLEMENTATIONS = YES;
				CLANG_WARN_DIRECT_OBJC_ISA_USAGE = YES_ERROR;
				CLANG_WARN_DOCUMENTATION_COMMENTS = YES;
				CLANG_WARN_EMPTY_BODY = YES;
				CLANG_WARN_ENUM_CONVERSION = YES;
				CLANG_WARN_INFINITE_RECURSION = YES;
				CLANG_WARN_INT_CONVERSION = YES;
				CLANG_WARN_NON_LITERAL_NULL_CONVERSION = YES;
				CLANG_WARN_OBJC_IMPLICIT_RETAIN_SELF = YES;
				CLANG_WARN_OBJC_LITERAL_CONVERSION = YES;
				CLANG_WARN_OBJC_ROOT_CLASS = YES_ERROR;
				CLANG_WARN_QUOTED_INCLUDE_IN_FRAMEWORK_HEADER = YES;
				CLANG_WARN_RANGE_LOOP_ANALYSIS = YES;
				CLANG_WARN_STRICT_PROTOTYPES = YES;
				CLANG_WARN_SUSPICIOUS_MOVE = YES;
				CLANG_WARN_UNGUARDED_AVAILABILITY = YES_AGGRESSIVE;
				CLANG_WARN_UNREACHABLE_CODE = YES;
				CLANG_WARN__DUPLICATE_METHOD_MATCH = YES;
				COPY_PHASE_STRIP = NO;
				DEBUG_INFORMATION_FORMAT = "dwarf-with-dsym";
				ENABLE_NS_ASSERTIONS = NO;
				ENABLE_STRICT_OBJC_MSGSEND = YES;
				ENABLE_USER_SCRIPT_SANDBOXING = YES;
				GCC_C_LANGUAGE_STANDARD = gnu17;
				GCC_NO_COMMON_BLOCKS = YES;
				GCC_WARN_64_TO_32_BIT_CONVERSION = YES;
				GCC_WARN_ABOUT_RETURN_TYPE = YES_ERROR;
				GCC_WARN_UNDECLARED_SELECTOR = YES;
				GCC_WARN_UNINITIALIZED_AUTOS = YES_AGGRESSIVE;
				GCC_WARN_UNUSED_FUNCTION = YES;
				GCC_WARN_UNUSED_VARIABLE = YES;
				IPHONEOS_DEPLOYMENT_TARGET = 17.0;
				LOCALIZATION_PREFERS_STRING_CATALOGS = YES;
				MTL_ENABLE_DEBUG_INFO = NO;
				MTL_FAST_MATH = YES;
				SDKROOT = iphoneos;
				SWIFT_COMPILATION_MODE = wholemodule;
				VALIDATE_PRODUCT = YES;
			};
			name = Release;
		};
		EC2C11622AE301E40076B947 /* Debug */ = {
			isa = XCBuildConfiguration;
			buildSettings = {
				ASSETCATALOG_COMPILER_APPICON_NAME = AppIcon;
				ASSETCATALOG_COMPILER_GLOBAL_ACCENT_COLOR_NAME = AccentColor;
				CODE_SIGN_STYLE = Automatic;
				CURRENT_PROJECT_VERSION = 1;
				DEVELOPMENT_ASSET_PATHS = "\"ProyectoChipil/Preview Content\"";
				DEVELOPMENT_TEAM = V323JCJ58W;
				ENABLE_PREVIEWS = YES;
				GENERATE_INFOPLIST_FILE = YES;
				INFOPLIST_FILE = ProyectoChipil/Info.plist;
				INFOPLIST_KEY_NSFaceIDUsageDescription = "Se necesita Acceso a tus datos de FaceID";
				INFOPLIST_KEY_UIApplicationSceneManifest_Generation = YES;
				INFOPLIST_KEY_UIApplicationSupportsIndirectInputEvents = YES;
				INFOPLIST_KEY_UILaunchScreen_Generation = YES;
				INFOPLIST_KEY_UISupportedInterfaceOrientations_iPad = "UIInterfaceOrientationPortrait UIInterfaceOrientationPortraitUpsideDown UIInterfaceOrientationLandscapeLeft UIInterfaceOrientationLandscapeRight";
				INFOPLIST_KEY_UISupportedInterfaceOrientations_iPhone = UIInterfaceOrientationPortrait;
				IPHONEOS_DEPLOYMENT_TARGET = 16.6;
				LD_RUNPATH_SEARCH_PATHS = (
					"$(inherited)",
					"@executable_path/Frameworks",
				);
				MARKETING_VERSION = 1.0;
				PRODUCT_BUNDLE_IDENTIFIER = com.unam.ProyectoChipil;
				PRODUCT_NAME = "$(TARGET_NAME)";
				SWIFT_EMIT_LOC_STRINGS = YES;
				SWIFT_VERSION = 5.0;
				TARGETED_DEVICE_FAMILY = "1,2";
			};
			name = Debug;
		};
		EC2C11632AE301E40076B947 /* Release */ = {
			isa = XCBuildConfiguration;
			buildSettings = {
				ASSETCATALOG_COMPILER_APPICON_NAME = AppIcon;
				ASSETCATALOG_COMPILER_GLOBAL_ACCENT_COLOR_NAME = AccentColor;
				CODE_SIGN_STYLE = Automatic;
				CURRENT_PROJECT_VERSION = 1;
				DEVELOPMENT_ASSET_PATHS = "\"ProyectoChipil/Preview Content\"";
				DEVELOPMENT_TEAM = V323JCJ58W;
				ENABLE_PREVIEWS = YES;
				GENERATE_INFOPLIST_FILE = YES;
				INFOPLIST_FILE = ProyectoChipil/Info.plist;
				INFOPLIST_KEY_NSFaceIDUsageDescription = "Se necesita Acceso a tus datos de FaceID";
				INFOPLIST_KEY_UIApplicationSceneManifest_Generation = YES;
				INFOPLIST_KEY_UIApplicationSupportsIndirectInputEvents = YES;
				INFOPLIST_KEY_UILaunchScreen_Generation = YES;
				INFOPLIST_KEY_UISupportedInterfaceOrientations_iPad = "UIInterfaceOrientationPortrait UIInterfaceOrientationPortraitUpsideDown UIInterfaceOrientationLandscapeLeft UIInterfaceOrientationLandscapeRight";
				INFOPLIST_KEY_UISupportedInterfaceOrientations_iPhone = UIInterfaceOrientationPortrait;
				IPHONEOS_DEPLOYMENT_TARGET = 16.6;
				LD_RUNPATH_SEARCH_PATHS = (
					"$(inherited)",
					"@executable_path/Frameworks",
				);
				MARKETING_VERSION = 1.0;
				PRODUCT_BUNDLE_IDENTIFIER = com.unam.ProyectoChipil;
				PRODUCT_NAME = "$(TARGET_NAME)";
				SWIFT_EMIT_LOC_STRINGS = YES;
				SWIFT_VERSION = 5.0;
				TARGETED_DEVICE_FAMILY = "1,2";
			};
			name = Release;
		};
/* End XCBuildConfiguration section */

/* Begin XCConfigurationList section */
		EC2C11492AE301E20076B947 /* Build configuration list for PBXProject "ProyectoChipil" */ = {
			isa = XCConfigurationList;
			buildConfigurations = (
				EC2C115F2AE301E40076B947 /* Debug */,
				EC2C11602AE301E40076B947 /* Release */,
			);
			defaultConfigurationIsVisible = 0;
			defaultConfigurationName = Release;
		};
		EC2C11612AE301E40076B947 /* Build configuration list for PBXNativeTarget "ProyectoChipil" */ = {
			isa = XCConfigurationList;
			buildConfigurations = (
				EC2C11622AE301E40076B947 /* Debug */,
				EC2C11632AE301E40076B947 /* Release */,
			);
			defaultConfigurationIsVisible = 0;
			defaultConfigurationName = Release;
		};
/* End XCConfigurationList section */

/* Begin XCRemoteSwiftPackageReference section */
		EC2C11662AE302BB0076B947 /* XCRemoteSwiftPackageReference "firebase-ios-sdk" */ = {
			isa = XCRemoteSwiftPackageReference;
			repositoryURL = "https://github.com/firebase/firebase-ios-sdk.git";
			requirement = {
				kind = upToNextMajorVersion;
				minimumVersion = 10.16.0;
			};
		};
/* End XCRemoteSwiftPackageReference section */

/* Begin XCSwiftPackageProductDependency section */
		7F4F1DB62B0079AC00114759 /* FirebaseAnalytics */ = {
			isa = XCSwiftPackageProductDependency;
			package = EC2C11662AE302BB0076B947 /* XCRemoteSwiftPackageReference "firebase-ios-sdk" */;
			productName = FirebaseAnalytics;
		};
		7F4F1DB82B0079AC00114759 /* FirebaseAnalyticsOnDeviceConversion */ = {
			isa = XCSwiftPackageProductDependency;
			package = EC2C11662AE302BB0076B947 /* XCRemoteSwiftPackageReference "firebase-ios-sdk" */;
			productName = FirebaseAnalyticsOnDeviceConversion;
		};
		7F4F1DBA2B0079AC00114759 /* FirebaseAnalyticsSwift */ = {
			isa = XCSwiftPackageProductDependency;
			package = EC2C11662AE302BB0076B947 /* XCRemoteSwiftPackageReference "firebase-ios-sdk" */;
			productName = FirebaseAnalyticsSwift;
		};
		7F4F1DBC2B0079AC00114759 /* FirebaseAnalyticsWithoutAdIdSupport */ = {
			isa = XCSwiftPackageProductDependency;
			package = EC2C11662AE302BB0076B947 /* XCRemoteSwiftPackageReference "firebase-ios-sdk" */;
			productName = FirebaseAnalyticsWithoutAdIdSupport;
		};
		7F4F1DBE2B0079AC00114759 /* FirebaseAppCheck */ = {
			isa = XCSwiftPackageProductDependency;
			package = EC2C11662AE302BB0076B947 /* XCRemoteSwiftPackageReference "firebase-ios-sdk" */;
			productName = FirebaseAppCheck;
		};
		7F4F1DC02B0079AC00114759 /* FirebaseAppDistribution-Beta */ = {
			isa = XCSwiftPackageProductDependency;
			package = EC2C11662AE302BB0076B947 /* XCRemoteSwiftPackageReference "firebase-ios-sdk" */;
			productName = "FirebaseAppDistribution-Beta";
		};
		7F4F1DC22B0079AC00114759 /* FirebaseAuth */ = {
			isa = XCSwiftPackageProductDependency;
			package = EC2C11662AE302BB0076B947 /* XCRemoteSwiftPackageReference "firebase-ios-sdk" */;
			productName = FirebaseAuth;
		};
		7F4F1DC42B0079AC00114759 /* FirebaseAuthCombine-Community */ = {
			isa = XCSwiftPackageProductDependency;
			package = EC2C11662AE302BB0076B947 /* XCRemoteSwiftPackageReference "firebase-ios-sdk" */;
			productName = "FirebaseAuthCombine-Community";
		};
		7F4F1DC62B0079AC00114759 /* FirebaseCrashlytics */ = {
			isa = XCSwiftPackageProductDependency;
			package = EC2C11662AE302BB0076B947 /* XCRemoteSwiftPackageReference "firebase-ios-sdk" */;
			productName = FirebaseCrashlytics;
		};
		7F4F1DC82B0079AC00114759 /* FirebaseDatabase */ = {
			isa = XCSwiftPackageProductDependency;
			package = EC2C11662AE302BB0076B947 /* XCRemoteSwiftPackageReference "firebase-ios-sdk" */;
			productName = FirebaseDatabase;
		};
		7F4F1DCA2B0079AC00114759 /* FirebaseDatabaseSwift */ = {
			isa = XCSwiftPackageProductDependency;
			package = EC2C11662AE302BB0076B947 /* XCRemoteSwiftPackageReference "firebase-ios-sdk" */;
			productName = FirebaseDatabaseSwift;
		};
		7F4F1DCC2B0079AC00114759 /* FirebaseDynamicLinks */ = {
			isa = XCSwiftPackageProductDependency;
			package = EC2C11662AE302BB0076B947 /* XCRemoteSwiftPackageReference "firebase-ios-sdk" */;
			productName = FirebaseDynamicLinks;
		};
		7F4F1DCE2B0079AC00114759 /* FirebaseFirestore */ = {
			isa = XCSwiftPackageProductDependency;
			package = EC2C11662AE302BB0076B947 /* XCRemoteSwiftPackageReference "firebase-ios-sdk" */;
			productName = FirebaseFirestore;
		};
		7F4F1DD02B0079AC00114759 /* FirebaseFirestoreCombine-Community */ = {
			isa = XCSwiftPackageProductDependency;
			package = EC2C11662AE302BB0076B947 /* XCRemoteSwiftPackageReference "firebase-ios-sdk" */;
			productName = "FirebaseFirestoreCombine-Community";
		};
		7F4F1DD22B0079AC00114759 /* FirebaseFirestoreSwift */ = {
			isa = XCSwiftPackageProductDependency;
			package = EC2C11662AE302BB0076B947 /* XCRemoteSwiftPackageReference "firebase-ios-sdk" */;
			productName = FirebaseFirestoreSwift;
		};
		7F4F1DD42B0079AC00114759 /* FirebaseFunctions */ = {
			isa = XCSwiftPackageProductDependency;
			package = EC2C11662AE302BB0076B947 /* XCRemoteSwiftPackageReference "firebase-ios-sdk" */;
			productName = FirebaseFunctions;
		};
		7F4F1DD62B0079AC00114759 /* FirebaseFunctionsCombine-Community */ = {
			isa = XCSwiftPackageProductDependency;
			package = EC2C11662AE302BB0076B947 /* XCRemoteSwiftPackageReference "firebase-ios-sdk" */;
			productName = "FirebaseFunctionsCombine-Community";
		};
		7F4F1DD82B0079AC00114759 /* FirebaseInAppMessaging-Beta */ = {
			isa = XCSwiftPackageProductDependency;
			package = EC2C11662AE302BB0076B947 /* XCRemoteSwiftPackageReference "firebase-ios-sdk" */;
			productName = "FirebaseInAppMessaging-Beta";
		};
		7F4F1DDA2B0079AC00114759 /* FirebaseInAppMessagingSwift-Beta */ = {
			isa = XCSwiftPackageProductDependency;
			package = EC2C11662AE302BB0076B947 /* XCRemoteSwiftPackageReference "firebase-ios-sdk" */;
			productName = "FirebaseInAppMessagingSwift-Beta";
		};
		7F4F1DDC2B0079AC00114759 /* FirebaseInstallations */ = {
			isa = XCSwiftPackageProductDependency;
			package = EC2C11662AE302BB0076B947 /* XCRemoteSwiftPackageReference "firebase-ios-sdk" */;
			productName = FirebaseInstallations;
		};
		7F4F1DDE2B0079AC00114759 /* FirebaseMessaging */ = {
			isa = XCSwiftPackageProductDependency;
			package = EC2C11662AE302BB0076B947 /* XCRemoteSwiftPackageReference "firebase-ios-sdk" */;
			productName = FirebaseMessaging;
		};
		7F4F1DE02B0079AC00114759 /* FirebaseMLModelDownloader */ = {
			isa = XCSwiftPackageProductDependency;
			package = EC2C11662AE302BB0076B947 /* XCRemoteSwiftPackageReference "firebase-ios-sdk" */;
			productName = FirebaseMLModelDownloader;
		};
		7F4F1DE22B0079AC00114759 /* FirebasePerformance */ = {
			isa = XCSwiftPackageProductDependency;
			package = EC2C11662AE302BB0076B947 /* XCRemoteSwiftPackageReference "firebase-ios-sdk" */;
			productName = FirebasePerformance;
		};
		7F4F1DE42B0079AC00114759 /* FirebaseRemoteConfig */ = {
			isa = XCSwiftPackageProductDependency;
			package = EC2C11662AE302BB0076B947 /* XCRemoteSwiftPackageReference "firebase-ios-sdk" */;
			productName = FirebaseRemoteConfig;
		};
		7F4F1DE62B0079AC00114759 /* FirebaseRemoteConfigSwift */ = {
			isa = XCSwiftPackageProductDependency;
			package = EC2C11662AE302BB0076B947 /* XCRemoteSwiftPackageReference "firebase-ios-sdk" */;
			productName = FirebaseRemoteConfigSwift;
		};
		7F4F1DE82B0079AC00114759 /* FirebaseStorage */ = {
			isa = XCSwiftPackageProductDependency;
			package = EC2C11662AE302BB0076B947 /* XCRemoteSwiftPackageReference "firebase-ios-sdk" */;
			productName = FirebaseStorage;
		};
		7F4F1DEA2B0079AC00114759 /* FirebaseStorageCombine-Community */ = {
			isa = XCSwiftPackageProductDependency;
			package = EC2C11662AE302BB0076B947 /* XCRemoteSwiftPackageReference "firebase-ios-sdk" */;
			productName = "FirebaseStorageCombine-Community";
		};
		7F4F1DED2B007B6200114759 /* FirebaseAnalytics */ = {
			isa = XCSwiftPackageProductDependency;
			productName = FirebaseAnalytics;
		};
		7F4F1DEF2B007B6300114759 /* FirebaseAnalyticsOnDeviceConversion */ = {
			isa = XCSwiftPackageProductDependency;
			productName = FirebaseAnalyticsOnDeviceConversion;
		};
		7F4F1DF12B007B6300114759 /* FirebaseAnalyticsSwift */ = {
			isa = XCSwiftPackageProductDependency;
			productName = FirebaseAnalyticsSwift;
		};
		7F4F1DF32B007B6300114759 /* FirebaseAnalyticsWithoutAdIdSupport */ = {
			isa = XCSwiftPackageProductDependency;
			productName = FirebaseAnalyticsWithoutAdIdSupport;
		};
		7F4F1DF52B007B6300114759 /* FirebaseAppCheck */ = {
			isa = XCSwiftPackageProductDependency;
			productName = FirebaseAppCheck;
		};
		7F4F1DF72B007B6300114759 /* FirebaseAppDistribution-Beta */ = {
			isa = XCSwiftPackageProductDependency;
			productName = "FirebaseAppDistribution-Beta";
		};
		7F4F1DF92B007B6300114759 /* FirebaseAuth */ = {
			isa = XCSwiftPackageProductDependency;
			productName = FirebaseAuth;
		};
		7F4F1DFB2B007B6300114759 /* FirebaseAuthCombine-Community */ = {
			isa = XCSwiftPackageProductDependency;
			productName = "FirebaseAuthCombine-Community";
		};
		7F4F1DFD2B007B6300114759 /* FirebaseCrashlytics */ = {
			isa = XCSwiftPackageProductDependency;
			productName = FirebaseCrashlytics;
		};
		7F4F1DFF2B007B6300114759 /* FirebaseDatabase */ = {
			isa = XCSwiftPackageProductDependency;
			productName = FirebaseDatabase;
		};
		7F4F1E012B007B6300114759 /* FirebaseDatabaseSwift */ = {
			isa = XCSwiftPackageProductDependency;
			productName = FirebaseDatabaseSwift;
		};
		7F4F1E032B007B6300114759 /* FirebaseDynamicLinks */ = {
			isa = XCSwiftPackageProductDependency;
			productName = FirebaseDynamicLinks;
		};
		7F4F1E052B007B6300114759 /* FirebaseFirestore */ = {
			isa = XCSwiftPackageProductDependency;
			productName = FirebaseFirestore;
		};
		7F4F1E072B007B6300114759 /* FirebaseFirestoreCombine-Community */ = {
			isa = XCSwiftPackageProductDependency;
			productName = "FirebaseFirestoreCombine-Community";
		};
		7F4F1E092B007B6300114759 /* FirebaseFirestoreSwift */ = {
			isa = XCSwiftPackageProductDependency;
			productName = FirebaseFirestoreSwift;
		};
		7F4F1E0B2B007B6300114759 /* FirebaseFunctions */ = {
			isa = XCSwiftPackageProductDependency;
			productName = FirebaseFunctions;
		};
		7F4F1E0D2B007B6300114759 /* FirebaseFunctionsCombine-Community */ = {
			isa = XCSwiftPackageProductDependency;
			productName = "FirebaseFunctionsCombine-Community";
		};
		7F4F1E0F2B007B6400114759 /* FirebaseInAppMessaging-Beta */ = {
			isa = XCSwiftPackageProductDependency;
			productName = "FirebaseInAppMessaging-Beta";
		};
		7F4F1E112B007B6400114759 /* FirebaseInAppMessagingSwift-Beta */ = {
			isa = XCSwiftPackageProductDependency;
			productName = "FirebaseInAppMessagingSwift-Beta";
		};
		7F4F1E132B007B6400114759 /* FirebaseInstallations */ = {
			isa = XCSwiftPackageProductDependency;
			productName = FirebaseInstallations;
		};
		7F4F1E152B007B6400114759 /* FirebaseMLModelDownloader */ = {
			isa = XCSwiftPackageProductDependency;
			productName = FirebaseMLModelDownloader;
		};
		7F4F1E172B007B6400114759 /* FirebaseMessaging */ = {
			isa = XCSwiftPackageProductDependency;
			productName = FirebaseMessaging;
		};
		7F4F1E192B007B6400114759 /* FirebasePerformance */ = {
			isa = XCSwiftPackageProductDependency;
			productName = FirebasePerformance;
		};
		7F4F1E1B2B007B6400114759 /* FirebaseRemoteConfig */ = {
			isa = XCSwiftPackageProductDependency;
			productName = FirebaseRemoteConfig;
		};
		7F4F1E1D2B007B6400114759 /* FirebaseRemoteConfigSwift */ = {
			isa = XCSwiftPackageProductDependency;
			productName = FirebaseRemoteConfigSwift;
		};
		7F4F1E1F2B007B6400114759 /* FirebaseStorage */ = {
			isa = XCSwiftPackageProductDependency;
			productName = FirebaseStorage;
		};
		7F4F1E212B007B6400114759 /* FirebaseStorageCombine-Community */ = {
			isa = XCSwiftPackageProductDependency;
			productName = "FirebaseStorageCombine-Community";
		};
/* End XCSwiftPackageProductDependency section */

/* Begin XCVersionGroup section */
		EC2C115C2AE301E40076B947 /* ProyectoChipil.xcdatamodeld */ = {
			isa = XCVersionGroup;
			children = (
				EC2C115D2AE301E40076B947 /* ProyectoChipil.xcdatamodel */,
			);
			currentVersion = EC2C115D2AE301E40076B947 /* ProyectoChipil.xcdatamodel */;
			path = ProyectoChipil.xcdatamodeld;
			sourceTree = "<group>";
			versionGroupType = wrapper.xcdatamodel;
		};
/* End XCVersionGroup section */
	};
	rootObject = EC2C11462AE301E20076B947 /* Project object */;
}
