{
  "pins" : [
    {
      "identity" : "alamofire",
      "kind" : "remoteSourceControl",
      "location" : "https://github.com/Alamofire/Alamofire.git",
      "state" : {
        "revision" : "3dc6a42c7727c49bf26508e29b0a0b35f9c7e1ad",
        "version" : "5.8.1"
      }
    },
    {
      "identity" : "swiftopenai",
      "kind" : "remoteSourceControl",
      "location" : "https://github.com/SwiftBeta/SwiftOpenAI.git",
      "state" : {
        "revision" : "27ed3a1fdd8e431ae57d8e3697524e00b4e7da2c",
        "version" : "1.2.0"
      }
    }
  ],
  "version" : 2
}
